
Microsoft Visual Studio Solution File, Format Version 12.00
# Visual Studio 15
VisualStudioVersion = 15.0.28010.2036
MinimumVisualStudioVersion = 10.0.40219.1
Project("{2150E333-8FDC-42A3-9474-1A3956D46DE8}") = "src", "src", "{2F72BFCB-4E81-4220-A043-48D062FE669A}"
EndProject
Project("{9A19103F-16F7-4668-BE54-9A1E7A4F7556}") = "sprayartsbackend.Data", "sparyartsbackend.Data\sprayartsbackend.Data.csproj", "{CE1CF7A5-0D12-4A2D-A685-CDA5407E53C5}"
EndProject
Project("{9A19103F-16F7-4668-BE54-9A1E7A4F7556}") = "sprayartsbackend.DI", "sprayartsbackend.DI\sprayartsbackend.DI.csproj", "{4F776B10-FCED-48F8-9DFA-5248F164E668}"
EndProject
Project("{9A19103F-16F7-4668-BE54-9A1E7A4F7556}") = "sprayartsbackend.Domain", "sprayartsbackend.Domain\sprayartsbackend.Domain.csproj", "{D2BB0EC8-BF1A-42E2-B31F-74F2772F4C34}"
EndProject
Project("{9A19103F-16F7-4668-BE54-9A1E7A4F7556}") = "sprayartsbackend.Web", "sprayartsbackend.Web\sprayartsbackend.Web.csproj", "{CFF4085A-3E0C-47E3-B6E3-5E96369375AA}"
EndProject
Project("{9A19103F-16F7-4668-BE54-9A1E7A4F7556}") = "sprayartsbackend.Service", "sprayartsbackend.Service\sprayartsbackend.Service.csproj", "{2D5CA0AE-F131-4698-B868-4D14BFB4711F}"
EndProject
Project("{9A19103F-16F7-4668-BE54-9A1E7A4F7556}") = "sprayartsbackend.Integration", "sprayartsbackend.Integration\sprayartsbackend.Integration.csproj", "{AC3DE95D-A666-48F0-B020-8A20E46671F6}"
EndProject
Project("{2150E333-8FDC-42A3-9474-1A3956D46DE8}") = "0 - Presentation", "0 - Presentation", "{715CAC24-C358-4E9C-83B9-126897514636}"
EndProject
Project("{2150E333-8FDC-42A3-9474-1A3956D46DE8}") = "1 - Services", "1 - Services", "{6FC86B8C-11E7-4A0B-AF69-CAF7E1902B62}"
EndProject
Project("{2150E333-8FDC-42A3-9474-1A3956D46DE8}") = "2 - Application", "2 - Application", "{99688722-7BD0-4F95-B47A-08362414837F}"
EndProject
Project("{2150E333-8FDC-42A3-9474-1A3956D46DE8}") = "3 - Domain", "3 - Domain", "{A8B26206-1EFE-442A-9E10-4957CF781645}"
EndProject
Project("{2150E333-8FDC-42A3-9474-1A3956D46DE8}") = "4 - Infra", "4 - Infra", "{65230C05-7289-49FC-B6BD-D7279AE4A950}"
EndProject
Project("{2150E333-8FDC-42A3-9474-1A3956D46DE8}") = "4.1 - CrossCutting", "4.1 - CrossCutting", "{1AAA7E01-A55D-4A8E-93DD-FB98DD699F06}"
EndProject
Project("{2150E333-8FDC-42A3-9474-1A3956D46DE8}") = "4.2 - Data", "4.2 - Data", "{A4292D9A-AB81-47C4-A19B-F44BAD62C57F}"
EndProject
Project("{2150E333-8FDC-42A3-9474-1A3956D46DE8}") = "4.3 - Dependency", "4.3 - Dependency", "{238AEC03-2A89-43F2-B41F-5823A1B03509}"
EndProject
Project("{2150E333-8FDC-42A3-9474-1A3956D46DE8}") = "5 - Test", "5 - Test", "{DDFA4F3D-2268-4546-856B-355C8D1D8C03}"
EndProject
Project("{FAE04EC0-301F-11D3-BF4B-00C04F79EFBC}") = "UnitTestProject1", "UnitTestProject1\UnitTestProject1.csproj", "{AA009712-8855-479D-84CB-B8362F524349}"
EndProject
Global
	GlobalSection(SolutionConfigurationPlatforms) = preSolution
		Debug|Any CPU = Debug|Any CPU
		Release|Any CPU = Release|Any CPU
	EndGlobalSection
	GlobalSection(ProjectConfigurationPlatforms) = postSolution
		{CE1CF7A5-0D12-4A2D-A685-CDA5407E53C5}.Debug|Any CPU.ActiveCfg = Debug|Any CPU
		{CE1CF7A5-0D12-4A2D-A685-CDA5407E53C5}.Debug|Any CPU.Build.0 = Debug|Any CPU
		{CE1CF7A5-0D12-4A2D-A685-CDA5407E53C5}.Release|Any CPU.ActiveCfg = Release|Any CPU
		{CE1CF7A5-0D12-4A2D-A685-CDA5407E53C5}.Release|Any CPU.Build.0 = Release|Any CPU
		{4F776B10-FCED-48F8-9DFA-5248F164E668}.Debug|Any CPU.ActiveCfg = Debug|Any CPU
		{4F776B10-FCED-48F8-9DFA-5248F164E668}.Debug|Any CPU.Build.0 = Debug|Any CPU
		{4F776B10-FCED-48F8-9DFA-5248F164E668}.Release|Any CPU.ActiveCfg = Release|Any CPU
		{4F776B10-FCED-48F8-9DFA-5248F164E668}.Release|Any CPU.Build.0 = Release|Any CPU
		{D2BB0EC8-BF1A-42E2-B31F-74F2772F4C34}.Debug|Any CPU.ActiveCfg = Debug|Any CPU
		{D2BB0EC8-BF1A-42E2-B31F-74F2772F4C34}.Debug|Any CPU.Build.0 = Debug|Any CPU
		{D2BB0EC8-BF1A-42E2-B31F-74F2772F4C34}.Release|Any CPU.ActiveCfg = Release|Any CPU
		{D2BB0EC8-BF1A-42E2-B31F-74F2772F4C34}.Release|Any CPU.Build.0 = Release|Any CPU
		{CFF4085A-3E0C-47E3-B6E3-5E96369375AA}.Debug|Any CPU.ActiveCfg = Debug|Any CPU
		{CFF4085A-3E0C-47E3-B6E3-5E96369375AA}.Debug|Any CPU.Build.0 = Debug|Any CPU
		{CFF4085A-3E0C-47E3-B6E3-5E96369375AA}.Release|Any CPU.ActiveCfg = Release|Any CPU
		{CFF4085A-3E0C-47E3-B6E3-5E96369375AA}.Release|Any CPU.Build.0 = Release|Any CPU
		{2D5CA0AE-F131-4698-B868-4D14BFB4711F}.Debug|Any CPU.ActiveCfg = Debug|Any CPU
		{2D5CA0AE-F131-4698-B868-4D14BFB4711F}.Debug|Any CPU.Build.0 = Debug|Any CPU
		{2D5CA0AE-F131-4698-B868-4D14BFB4711F}.Release|Any CPU.ActiveCfg = Release|Any CPU
		{2D5CA0AE-F131-4698-B868-4D14BFB4711F}.Release|Any CPU.Build.0 = Release|Any CPU
		{AC3DE95D-A666-48F0-B020-8A20E46671F6}.Debug|Any CPU.ActiveCfg = Debug|Any CPU
		{AC3DE95D-A666-48F0-B020-8A20E46671F6}.Debug|Any CPU.Build.0 = Debug|Any CPU
		{AC3DE95D-A666-48F0-B020-8A20E46671F6}.Release|Any CPU.ActiveCfg = Release|Any CPU
		{AC3DE95D-A666-48F0-B020-8A20E46671F6}.Release|Any CPU.Build.0 = Release|Any CPU
		{AA009712-8855-479D-84CB-B8362F524349}.Debug|Any CPU.ActiveCfg = Debug|Any CPU
		{AA009712-8855-479D-84CB-B8362F524349}.Debug|Any CPU.Build.0 = Debug|Any CPU
		{AA009712-8855-479D-84CB-B8362F524349}.Release|Any CPU.ActiveCfg = Release|Any CPU
		{AA009712-8855-479D-84CB-B8362F524349}.Release|Any CPU.Build.0 = Release|Any CPU
	EndGlobalSection
	GlobalSection(SolutionProperties) = preSolution
		HideSolutionNode = FALSE
	EndGlobalSection
	GlobalSection(NestedProjects) = preSolution
		{CE1CF7A5-0D12-4A2D-A685-CDA5407E53C5} = {A4292D9A-AB81-47C4-A19B-F44BAD62C57F}
		{4F776B10-FCED-48F8-9DFA-5248F164E668} = {238AEC03-2A89-43F2-B41F-5823A1B03509}
		{D2BB0EC8-BF1A-42E2-B31F-74F2772F4C34} = {A8B26206-1EFE-442A-9E10-4957CF781645}
		{CFF4085A-3E0C-47E3-B6E3-5E96369375AA} = {715CAC24-C358-4E9C-83B9-126897514636}
		{2D5CA0AE-F131-4698-B868-4D14BFB4711F} = {6FC86B8C-11E7-4A0B-AF69-CAF7E1902B62}
		{AC3DE95D-A666-48F0-B020-8A20E46671F6} = {6FC86B8C-11E7-4A0B-AF69-CAF7E1902B62}
		{715CAC24-C358-4E9C-83B9-126897514636} = {2F72BFCB-4E81-4220-A043-48D062FE669A}
		{6FC86B8C-11E7-4A0B-AF69-CAF7E1902B62} = {2F72BFCB-4E81-4220-A043-48D062FE669A}
		{99688722-7BD0-4F95-B47A-08362414837F} = {2F72BFCB-4E81-4220-A043-48D062FE669A}
		{A8B26206-1EFE-442A-9E10-4957CF781645} = {2F72BFCB-4E81-4220-A043-48D062FE669A}
		{65230C05-7289-49FC-B6BD-D7279AE4A950} = {2F72BFCB-4E81-4220-A043-48D062FE669A}
		{1AAA7E01-A55D-4A8E-93DD-FB98DD699F06} = {65230C05-7289-49FC-B6BD-D7279AE4A950}
		{A4292D9A-AB81-47C4-A19B-F44BAD62C57F} = {65230C05-7289-49FC-B6BD-D7279AE4A950}
		{238AEC03-2A89-43F2-B41F-5823A1B03509} = {65230C05-7289-49FC-B6BD-D7279AE4A950}
		{DDFA4F3D-2268-4546-856B-355C8D1D8C03} = {2F72BFCB-4E81-4220-A043-48D062FE669A}
		{AA009712-8855-479D-84CB-B8362F524349} = {DDFA4F3D-2268-4546-856B-355C8D1D8C03}
	EndGlobalSection
	GlobalSection(ExtensibilityGlobals) = postSolution
		SolutionGuid = {E7C87E3F-9222-4611-BA97-88B3116C18D8}
	EndGlobalSection
EndGlobal
